
Microsoft Visual Studio Solution File, Format Version 12.00
# Visual Studio 2013
VisualStudioVersion = 12.0.21005.1
MinimumVisualStudioVersion = 10.0.40219.1
Project("{FAE04EC0-301F-11D3-BF4B-00C04F79EFBC}") = "QuickFind", "Source\QuickFind\QuickFind.csproj", "{A3A4DB67-A944-438E-A9DD-4A83F20379FC}"
EndProject
Project("{FAE04EC0-301F-11D3-BF4B-00C04F79EFBC}") = "QuickUnionUF", "Source\QuickUnionUF\QuickUnionUF.csproj", "{50A6F427-01A3-4629-AD73-DB3DCBA50637}"
EndProject
Project("{FAE04EC0-301F-11D3-BF4B-00C04F79EFBC}") = "WeightedQuickUnionUF", "Source\WeightedQuickUnionUF\WeightedQuickUnionUF.csproj", "{CC59C3AC-669A-46D8-B12C-7065ED9714E0}"
EndProject
Global
	GlobalSection(SolutionConfigurationPlatforms) = preSolution
		Debug|Any CPU = Debug|Any CPU
		Release|Any CPU = Release|Any CPU
	EndGlobalSection
	GlobalSection(ProjectConfigurationPlatforms) = postSolution
		{A3A4DB67-A944-438E-A9DD-4A83F20379FC}.Debug|Any CPU.ActiveCfg = Debug|Any CPU
		{A3A4DB67-A944-438E-A9DD-4A83F20379FC}.Debug|Any CPU.Build.0 = Debug|Any CPU
		{A3A4DB67-A944-438E-A9DD-4A83F20379FC}.Release|Any CPU.ActiveCfg = Release|Any CPU
		{A3A4DB67-A944-438E-A9DD-4A83F20379FC}.Release|Any CPU.Build.0 = Release|Any CPU
		{50A6F427-01A3-4629-AD73-DB3DCBA50637}.Debug|Any CPU.ActiveCfg = Debug|Any CPU
		{50A6F427-01A3-4629-AD73-DB3DCBA50637}.Debug|Any CPU.Build.0 = Debug|Any CPU
		{50A6F427-01A3-4629-AD73-DB3DCBA50637}.Release|Any CPU.ActiveCfg = Release|Any CPU
		{50A6F427-01A3-4629-AD73-DB3DCBA50637}.Release|Any CPU.Build.0 = Release|Any CPU
		{CC59C3AC-669A-46D8-B12C-7065ED9714E0}.Debug|Any CPU.ActiveCfg = Debug|Any CPU
		{CC59C3AC-669A-46D8-B12C-7065ED9714E0}.Debug|Any CPU.Build.0 = Debug|Any CPU
		{CC59C3AC-669A-46D8-B12C-7065ED9714E0}.Release|Any CPU.ActiveCfg = Release|Any CPU
		{CC59C3AC-669A-46D8-B12C-7065ED9714E0}.Release|Any CPU.Build.0 = Release|Any CPU
	EndGlobalSection
	GlobalSection(SolutionProperties) = preSolution
		HideSolutionNode = FALSE
	EndGlobalSection
EndGlobal
